
Microsoft Visual Studio Solution File, Format Version 12.00
# Visual Studio Version 16
VisualStudioVersion = 16.0.29306.81
MinimumVisualStudioVersion = 10.0.40219.1
Project("{9A19103F-16F7-4668-BE54-9A1E7A4F7556}") = "Metadata", "src\Metadata\Metadata.csproj", "{69A2FB73-0666-4F69-9F93-9E679BBDF418}"
EndProject
Project("{9A19103F-16F7-4668-BE54-9A1E7A4F7556}") = "Hypomos.GrainInterfaces", "src\Hypomos.GrainInterfaces\Hypomos.GrainInterfaces.csproj", "{DD787198-FA8B-405C-B17A-FA4BE5D6A129}"
EndProject
Project("{9A19103F-16F7-4668-BE54-9A1E7A4F7556}") = "Hypomos.Silo", "src\Hypomos.Silo\Hypomos.Silo.csproj", "{0FFA9FAD-5B2A-4E8A-B053-FA9EC3FA5CBF}"
EndProject
Project("{9A19103F-16F7-4668-BE54-9A1E7A4F7556}") = "Hypomos.Grains", "src\Hypomos.Grains\Hypomos.Grains.csproj", "{7B8EFA65-0247-415D-BF37-B59C3F2CC140}"
EndProject
Project("{2150E333-8FDC-42A3-9474-1A3956D46DE8}") = "Solution Items", "Solution Items", "{430B4F67-A62E-4FCB-8806-ACA65275AE29}"
	ProjectSection(SolutionItems) = preProject
		.editorconfig = .editorconfig
		.rancher-pipeline.yml = .rancher-pipeline.yml
		build.cake = build.cake
		build.ps1 = build.ps1
		deployment.yaml = deployment.yaml
		tye.yaml = tye.yaml
	EndProjectSection
EndProject
Project("{2150E333-8FDC-42A3-9474-1A3956D46DE8}") = "src", "src", "{74A92B02-DCC6-4CEB-A496-0B4F42A7F68C}"
EndProject
Project("{9A19103F-16F7-4668-BE54-9A1E7A4F7556}") = "Hypomos.IdentityServer", "src\Hypomos.IdentityServer\Hypomos.IdentityServer.csproj", "{862D197A-4099-41EB-AA17-72A1E6540086}"
EndProject
Project("{9A19103F-16F7-4668-BE54-9A1E7A4F7556}") = "Hypomos.Api", "src\Hypomos.Api\Hypomos.Api.csproj", "{C1C26A5D-334C-43C2-83B3-7CE4B5D02C6D}"
EndProject
Project("{2150E333-8FDC-42A3-9474-1A3956D46DE8}") = "tests", "tests", "{EFC8310F-C746-44C8-AEE3-CE84619D02EE}"
EndProject
Project("{9A19103F-16F7-4668-BE54-9A1E7A4F7556}") = "Hypomos.Sources.OneDrive.Tests", "tests\Hypomos.Sources.OneDrive.Tests\Hypomos.Sources.OneDrive.Tests.csproj", "{A20BCE92-12ED-45AD-B818-41BBA555F5FB}"
EndProject
Global
	GlobalSection(SolutionConfigurationPlatforms) = preSolution
		Debug|Any CPU = Debug|Any CPU
		Release|Any CPU = Release|Any CPU
	EndGlobalSection
	GlobalSection(ProjectConfigurationPlatforms) = postSolution
		{69A2FB73-0666-4F69-9F93-9E679BBDF418}.Debug|Any CPU.ActiveCfg = Debug|Any CPU
		{69A2FB73-0666-4F69-9F93-9E679BBDF418}.Debug|Any CPU.Build.0 = Debug|Any CPU
		{69A2FB73-0666-4F69-9F93-9E679BBDF418}.Release|Any CPU.ActiveCfg = Release|Any CPU
		{69A2FB73-0666-4F69-9F93-9E679BBDF418}.Release|Any CPU.Build.0 = Release|Any CPU
		{DD787198-FA8B-405C-B17A-FA4BE5D6A129}.Debug|Any CPU.ActiveCfg = Debug|Any CPU
		{DD787198-FA8B-405C-B17A-FA4BE5D6A129}.Debug|Any CPU.Build.0 = Debug|Any CPU
		{DD787198-FA8B-405C-B17A-FA4BE5D6A129}.Release|Any CPU.ActiveCfg = Release|Any CPU
		{DD787198-FA8B-405C-B17A-FA4BE5D6A129}.Release|Any CPU.Build.0 = Release|Any CPU
		{0FFA9FAD-5B2A-4E8A-B053-FA9EC3FA5CBF}.Debug|Any CPU.ActiveCfg = Debug|Any CPU
		{0FFA9FAD-5B2A-4E8A-B053-FA9EC3FA5CBF}.Debug|Any CPU.Build.0 = Debug|Any CPU
		{0FFA9FAD-5B2A-4E8A-B053-FA9EC3FA5CBF}.Release|Any CPU.ActiveCfg = Release|Any CPU
		{0FFA9FAD-5B2A-4E8A-B053-FA9EC3FA5CBF}.Release|Any CPU.Build.0 = Release|Any CPU
		{7B8EFA65-0247-415D-BF37-B59C3F2CC140}.Debug|Any CPU.ActiveCfg = Debug|Any CPU
		{7B8EFA65-0247-415D-BF37-B59C3F2CC140}.Debug|Any CPU.Build.0 = Debug|Any CPU
		{7B8EFA65-0247-415D-BF37-B59C3F2CC140}.Release|Any CPU.ActiveCfg = Release|Any CPU
		{7B8EFA65-0247-415D-BF37-B59C3F2CC140}.Release|Any CPU.Build.0 = Release|Any CPU
		{862D197A-4099-41EB-AA17-72A1E6540086}.Debug|Any CPU.ActiveCfg = Debug|Any CPU
		{862D197A-4099-41EB-AA17-72A1E6540086}.Debug|Any CPU.Build.0 = Debug|Any CPU
		{862D197A-4099-41EB-AA17-72A1E6540086}.Release|Any CPU.ActiveCfg = Release|Any CPU
		{862D197A-4099-41EB-AA17-72A1E6540086}.Release|Any CPU.Build.0 = Release|Any CPU
		{C1C26A5D-334C-43C2-83B3-7CE4B5D02C6D}.Debug|Any CPU.ActiveCfg = Debug|Any CPU
		{C1C26A5D-334C-43C2-83B3-7CE4B5D02C6D}.Debug|Any CPU.Build.0 = Debug|Any CPU
		{C1C26A5D-334C-43C2-83B3-7CE4B5D02C6D}.Release|Any CPU.ActiveCfg = Release|Any CPU
		{C1C26A5D-334C-43C2-83B3-7CE4B5D02C6D}.Release|Any CPU.Build.0 = Release|Any CPU
		{A20BCE92-12ED-45AD-B818-41BBA555F5FB}.Debug|Any CPU.ActiveCfg = Debug|Any CPU
		{A20BCE92-12ED-45AD-B818-41BBA555F5FB}.Debug|Any CPU.Build.0 = Debug|Any CPU
		{A20BCE92-12ED-45AD-B818-41BBA555F5FB}.Release|Any CPU.ActiveCfg = Release|Any CPU
		{A20BCE92-12ED-45AD-B818-41BBA555F5FB}.Release|Any CPU.Build.0 = Release|Any CPU
	EndGlobalSection
	GlobalSection(SolutionProperties) = preSolution
		HideSolutionNode = FALSE
	EndGlobalSection
	GlobalSection(NestedProjects) = preSolution
		{69A2FB73-0666-4F69-9F93-9E679BBDF418} = {74A92B02-DCC6-4CEB-A496-0B4F42A7F68C}
		{DD787198-FA8B-405C-B17A-FA4BE5D6A129} = {74A92B02-DCC6-4CEB-A496-0B4F42A7F68C}
		{0FFA9FAD-5B2A-4E8A-B053-FA9EC3FA5CBF} = {74A92B02-DCC6-4CEB-A496-0B4F42A7F68C}
		{7B8EFA65-0247-415D-BF37-B59C3F2CC140} = {74A92B02-DCC6-4CEB-A496-0B4F42A7F68C}
		{862D197A-4099-41EB-AA17-72A1E6540086} = {74A92B02-DCC6-4CEB-A496-0B4F42A7F68C}
		{C1C26A5D-334C-43C2-83B3-7CE4B5D02C6D} = {74A92B02-DCC6-4CEB-A496-0B4F42A7F68C}
		{A20BCE92-12ED-45AD-B818-41BBA555F5FB} = {EFC8310F-C746-44C8-AEE3-CE84619D02EE}
	EndGlobalSection
	GlobalSection(ExtensibilityGlobals) = postSolution
		SolutionGuid = {6F188785-05DD-45DC-B44C-F4E9293F0BD4}
	EndGlobalSection
EndGlobal
